<?xml version="1.0" encoding="utf-8"?>
<Project ToolsVersion="4.0" xmlns="http://schemas.microsoft.com/developer/msbuild/2003">
  <ItemGroup>
    <Filter Include="Source Files">
      <UniqueIdentifier>{1c1ff52c-99e8-4066-82ab-9b5d352653d8}</UniqueIdentifier>
      <Extensions>cpp;c;cxx;rc;def;r;odl;idl;hpj;bat</Extensions>
    </Filter>
    <Filter Include="Header Files">
      <UniqueIdentifier>{bbe9715e-0496-48e2-a0b7-31444b02325f}</UniqueIdentifier>
      <Extensions>h;hpp;hxx;hm;inl</Extensions>
    </Filter>
    <Filter Include="Resource Files">
      <UniqueIdentifier>{05b0fc9e-b2db-44e1-9b9b-565044d123fd}</UniqueIdentifier>
      <Extensions>ico;cur;bmp;dlg;rc2;rct;bin;rgs;gif;jpg;jpeg;jpe</Extensions>
    </Filter>
  </ItemGroup>
  <ItemGroup>
    <ClCompile Include="CamFileFind.cpp">
      <Filter>Source Files</Filter>
    </ClCompile>
    <ClCompile Include="FileEx.cpp">
      <Filter>Source Files</Filter>
    </ClCompile>
    <ClCompile Include="FolderSelect.cpp">
      <Filter>Source Files</Filter>
    </ClCompile>
    <ClCompile Include="RawParse.cpp">
      <Filter>Source Files</Filter>
    </ClCompile>
    <ClCompile Include="RawRenamer.cpp">
      <Filter>Source Files</Filter>
    </ClCompile>
    <ClCompile Include="RawRenamerDlg.cpp">
      <Filter>Source Files</Filter>
    </ClCompile>
    <ClCompile Include="StdAfx.cpp">
      <Filter>Source Files</Filter>
    </ClCompile>
  </ItemGroup>
  <ItemGroup>
    <ResourceCompile Include="RawRenamer.rc">
      <Filter>Source Files</Filter>
    </ResourceCompile>
  </ItemGroup>
  <ItemGroup>
    <ClInclude Include="CamFileFind.h">
      <Filter>Header Files</Filter>
    </ClInclude>
    <ClInclude Include="FileEx.h">
      <Filter>Header Files</Filter>
    </ClInclude>
    <ClInclude Include="FolderSelect.h">
      <Filter>Header Files</Filter>
    </ClInclude>
    <ClInclude Include="RawParse.h">
      <Filter>Header Files</Filter>
    </ClInclude>
    <ClInclude Include="RawRenamer.h">
      <Filter>Header Files</Filter>
    </ClInclude>
    <ClInclude Include="RawRenamerDlg.h">
      <Filter>Header Files</Filter>
    </ClInclude>
    <ClInclude Include="Resource.h">
      <Filter>Header Files</Filter>
    </ClInclude>
    <ClInclude Include="StdAfx.h">
      <Filter>Header Files</Filter>
    </ClInclude>
  </ItemGroup>
  <ItemGroup>
    <Image Include="res\RawRenamer.ico">
      <Filter>Resource Files</Filter>
    </Image>
  </ItemGroup>
  <ItemGroup>
    <Text Include="ReadMe.txt" />
  </ItemGroup>
  <ItemGroup>
    <CustomBuild Include="res\RawRenamer.rc2">
      <Filter>Resource Files</Filter>
    </CustomBuild>
  </ItemGroup>
</Project>